
Microsoft Visual Studio Solution File, Format Version 12.00
# Visual Studio Version 16
VisualStudioVersion = 16.0.29306.81
MinimumVisualStudioVersion = 10.0.40219.1
Project("{FAE04EC0-301F-11D3-BF4B-00C04F79EFBC}") = "TestyKoniec", "TestyKoniec\TestyKoniec.csproj", "{57B4DFDB-1E82-48C8-BF5D-A072E7800025}"
EndProject
Project("{FAE04EC0-301F-11D3-BF4B-00C04F79EFBC}") = "TestYKoniecTest", "TestYKoniecTest\TestYKoniecTest.csproj", "{4DE4A9E2-E52D-4C1D-B22E-191A6BF6E2C2}"
EndProject
Global
	GlobalSection(SolutionConfigurationPlatforms) = preSolution
		Debug|Any CPU = Debug|Any CPU
		Release|Any CPU = Release|Any CPU
	EndGlobalSection
	GlobalSection(ProjectConfigurationPlatforms) = postSolution
		{57B4DFDB-1E82-48C8-BF5D-A072E7800025}.Debug|Any CPU.ActiveCfg = Debug|Any CPU
		{57B4DFDB-1E82-48C8-BF5D-A072E7800025}.Debug|Any CPU.Build.0 = Debug|Any CPU
		{57B4DFDB-1E82-48C8-BF5D-A072E7800025}.Release|Any CPU.ActiveCfg = Release|Any CPU
		{57B4DFDB-1E82-48C8-BF5D-A072E7800025}.Release|Any CPU.Build.0 = Release|Any CPU
		{4DE4A9E2-E52D-4C1D-B22E-191A6BF6E2C2}.Debug|Any CPU.ActiveCfg = Debug|Any CPU
		{4DE4A9E2-E52D-4C1D-B22E-191A6BF6E2C2}.Debug|Any CPU.Build.0 = Debug|Any CPU
		{4DE4A9E2-E52D-4C1D-B22E-191A6BF6E2C2}.Release|Any CPU.ActiveCfg = Release|Any CPU
		{4DE4A9E2-E52D-4C1D-B22E-191A6BF6E2C2}.Release|Any CPU.Build.0 = Release|Any CPU
	EndGlobalSection
	GlobalSection(SolutionProperties) = preSolution
		HideSolutionNode = FALSE
	EndGlobalSection
	GlobalSection(ExtensibilityGlobals) = postSolution
		SolutionGuid = {6333BC58-1E58-4B43-B532-1BBEB5C9833C}
	EndGlobalSection
EndGlobal
